// !$*UTF8*$!
{
	archiveVersion = 1;
	classes = {
	};
	objectVersion = 55;
	objects = {

/* Begin PBXBuildFile section */
		0F932C02285760FF00BF8BCC /* AppDelegate.swift in Sources */ = {isa = PBXBuildFile; fileRef = 0F932C01285760FF00BF8BCC /* AppDelegate.swift */; };
		0F932C04285760FF00BF8BCC /* SceneDelegate.swift in Sources */ = {isa = PBXBuildFile; fileRef = 0F932C03285760FF00BF8BCC /* SceneDelegate.swift */; };
		0F932C06285760FF00BF8BCC /* ViewController.swift in Sources */ = {isa = PBXBuildFile; fileRef = 0F932C05285760FF00BF8BCC /* ViewController.swift */; };
		0F932C09285760FF00BF8BCC /* Main.storyboard in Resources */ = {isa = PBXBuildFile; fileRef = 0F932C07285760FF00BF8BCC /* Main.storyboard */; };
		0F932C0B2857610100BF8BCC /* Assets.xcassets in Resources */ = {isa = PBXBuildFile; fileRef = 0F932C0A2857610100BF8BCC /* Assets.xcassets */; };
		0F932C0E2857610100BF8BCC /* LaunchScreen.storyboard in Resources */ = {isa = PBXBuildFile; fileRef = 0F932C0C2857610100BF8BCC /* LaunchScreen.storyboard */; };
		0F932C1628577D5300BF8BCC /* PasswordsViewController.swift in Sources */ = {isa = PBXBuildFile; fileRef = 0F932C1528577D5300BF8BCC /* PasswordsViewController.swift */; };
		0F932C1828577E6D00BF8BCC /* SecurityTipsViewController.swift in Sources */ = {isa = PBXBuildFile; fileRef = 0F932C1728577E6D00BF8BCC /* SecurityTipsViewController.swift */; };
		0F932C1A28577FBF00BF8BCC /* PasswordGenerator.swift in Sources */ = {isa = PBXBuildFile; fileRef = 0F932C1928577FBF00BF8BCC /* PasswordGenerator.swift */; };
/* End PBXBuildFile section */

/* Begin PBXFileReference section */
		0F932BFE285760FF00BF8BCC /* SuperSenha.app */ = {isa = PBXFileReference; explicitFileType = wrapper.application; includeInIndex = 0; path = SuperSenha.app; sourceTree = BUILT_PRODUCTS_DIR; };
		0F932C01285760FF00BF8BCC /* AppDelegate.swift */ = {isa = PBXFileReference; lastKnownFileType = sourcecode.swift; path = AppDelegate.swift; sourceTree = "<group>"; };
		0F932C03285760FF00BF8BCC /* SceneDelegate.swift */ = {isa = PBXFileReference; lastKnownFileType = sourcecode.swift; path = SceneDelegate.swift; sourceTree = "<group>"; };
		0F932C05285760FF00BF8BCC /* ViewController.swift */ = {isa = PBXFileReference; lastKnownFileType = sourcecode.swift; path = ViewController.swift; sourceTree = "<group>"; };
		0F932C08285760FF00BF8BCC /* Base */ = {isa = PBXFileReference; lastKnownFileType = file.storyboard; name = Base; path = Base.lproj/Main.storyboard; sourceTree = "<group>"; };
		0F932C0A2857610100BF8BCC /* Assets.xcassets */ = {isa = PBXFileReference; lastKnownFileType = folder.assetcatalog; path = Assets.xcassets; sourceTree = "<group>"; };
		0F932C0D2857610100BF8BCC /* Base */ = {isa = PBXFileReference; lastKnownFileType = file.storyboard; name = Base; path = Base.lproj/LaunchScreen.storyboard; sourceTree = "<group>"; };
		0F932C0F2857610100BF8BCC /* Info.plist */ = {isa = PBXFileReference; lastKnownFileType = text.plist.xml; path = Info.plist; sourceTree = "<group>"; };
		0F932C1528577D5300BF8BCC /* PasswordsViewController.swift */ = {isa = PBXFileReference; lastKnownFileType = sourcecode.swift; path = PasswordsViewController.swift; sourceTree = "<group>"; };
		0F932C1728577E6D00BF8BCC /* SecurityTipsViewController.swift */ = {isa = PBXFileReference; lastKnownFileType = sourcecode.swift; path = SecurityTipsViewController.swift; sourceTree = "<group>"; };
		0F932C1928577FBF00BF8BCC /* PasswordGenerator.swift */ = {isa = PBXFileReference; lastKnownFileType = sourcecode.swift; path = PasswordGenerator.swift; sourceTree = "<group>"; };
/* End PBXFileReference section */

/* Begin PBXFrameworksBuildPhase section */
		0F932BFB285760FF00BF8BCC /* Frameworks */ = {
			isa = PBXFrameworksBuildPhase;
			buildActionMask = 2147483647;
			files = (
			);
			runOnlyForDeploymentPostprocessing = 0;
		};
/* End PBXFrameworksBuildPhase section */

/* Begin PBXGroup section */
		0F932BF5285760FF00BF8BCC = {
			isa = PBXGroup;
			children = (
				0F932C00285760FF00BF8BCC /* SuperSenha */,
				0F932BFF285760FF00BF8BCC /* Products */,
			);
			sourceTree = "<group>";
		};
		0F932BFF285760FF00BF8BCC /* Products */ = {
			isa = PBXGroup;
			children = (
				0F932BFE285760FF00BF8BCC /* SuperSenha.app */,
			);
			name = Products;
			sourceTree = "<group>";
		};
		0F932C00285760FF00BF8BCC /* SuperSenha */ = {
			isa = PBXGroup;
			children = (
				0F932C01285760FF00BF8BCC /* AppDelegate.swift */,
				0F932C03285760FF00BF8BCC /* SceneDelegate.swift */,
				0F932C05285760FF00BF8BCC /* ViewController.swift */,
				0F932C07285760FF00BF8BCC /* Main.storyboard */,
				0F932C1728577E6D00BF8BCC /* SecurityTipsViewController.swift */,
				0F932C1928577FBF00BF8BCC /* PasswordGenerator.swift */,
				0F932C1528577D5300BF8BCC /* PasswordsViewController.swift */,
				0F932C0A2857610100BF8BCC /* Assets.xcassets */,
				0F932C0C2857610100BF8BCC /* LaunchScreen.storyboard */,
				0F932C0F2857610100BF8BCC /* Info.plist */,
			);
			path = SuperSenha;
			sourceTree = "<group>";
		};
/* End PBXGroup section */

/* Begin PBXNativeTarget section */
		0F932BFD285760FF00BF8BCC /* SuperSenha */ = {
			isa = PBXNativeTarget;
			buildConfigurationList = 0F932C122857610100BF8BCC /* Build configuration list for PBXNativeTarget "SuperSenha" */;
			buildPhases = (
				0F932BFA285760FF00BF8BCC /* Sources */,
				0F932BFB285760FF00BF8BCC /* Frameworks */,
				0F932BFC285760FF00BF8BCC /* Resources */,
			);
			buildRules = (
			);
			dependencies = (
			);
			name = SuperSenha;
			productName = SuperSenha;
			productReference = 0F932BFE285760FF00BF8BCC /* SuperSenha.app */;
			productType = "com.apple.product-type.application";
		};
/* End PBXNativeTarget section */

/* Begin PBXProject section */
		0F932BF6285760FF00BF8BCC /* Project object */ = {
			isa = PBXProject;
			attributes = {
				BuildIndependentTargetsInParallel = 1;
				LastSwiftUpdateCheck = 1340;
				LastUpgradeCheck = 1340;
				TargetAttributes = {
					0F932BFD285760FF00BF8BCC = {
						CreatedOnToolsVersion = 13.4.1;
					};
				};
			};
			buildConfigurationList = 0F932BF9285760FF00BF8BCC /* Build configuration list for PBXProject "SuperSenha" */;
			compatibilityVersion = "Xcode 13.0";
			developmentRegion = en;
			hasScannedForEncodings = 0;
			knownRegions = (
				en,
				Base,
			);
			mainGroup = 0F932BF5285760FF00BF8BCC;
			productRefGroup = 0F932BFF285760FF00BF8BCC /* Products */;
			projectDirPath = "";
			projectRoot = "";
			targets = (
				0F932BFD285760FF00BF8BCC /* SuperSenha */,
			);
		};
/* End PBXProject section */

/* Begin PBXResourcesBuildPhase section */
		0F932BFC285760FF00BF8BCC /* Resources */ = {
			isa = PBXResourcesBuildPhase;
			buildActionMask = 2147483647;
			files = (
				0F932C0E2857610100BF8BCC /* LaunchScreen.storyboard in Resources */,
				0F932C0B2857610100BF8BCC /* Assets.xcassets in Resources */,
				0F932C09285760FF00BF8BCC /* Main.storyboard in Resources */,
			);
			runOnlyForDeploymentPostprocessing = 0;
		};
/* End PBXResourcesBuildPhase section */

/* Begin PBXSourcesBuildPhase section */
		0F932BFA285760FF00BF8BCC /* Sources */ = {
			isa = PBXSourcesBuildPhase;
			buildActionMask = 2147483647;
			files = (
				0F932C06285760FF00BF8BCC /* ViewController.swift in Sources */,
				0F932C1628577D5300BF8BCC /* PasswordsViewController.swift in Sources */,
				0F932C1A28577FBF00BF8BCC /* PasswordGenerator.swift in Sources */,
				0F932C02285760FF00BF8BCC /* AppDelegate.swift in Sources */,
				0F932C04285760FF00BF8BCC /* SceneDelegate.swift in Sources */,
				0F932C1828577E6D00BF8BCC /* SecurityTipsViewController.swift in Sources */,
			);
			runOnlyForDeploymentPostprocessing = 0;
		};
/* End PBXSourcesBuildPhase section */

/* Begin PBXVariantGroup section */
		0F932C07285760FF00BF8BCC /* Main.storyboard */ = {
			isa = PBXVariantGroup;
			children = (
				0F932C08285760FF00BF8BCC /* Base */,
			);
			name = Main.storyboard;
			sourceTree = "<group>";
		};
		0F932C0C2857610100BF8BCC /* LaunchScreen.storyboard */ = {
			isa = PBXVariantGroup;
			children = (
				0F932C0D2857610100BF8BCC /* Base */,
			);
			name = LaunchScreen.storyboard;
			sourceTree = "<group>";
		};
/* End PBXVariantGroup section */

/* Begin XCBuildConfiguration section */
		0F932C102857610100BF8BCC /* Debug */ = {
			isa = XCBuildConfiguration;
			buildSettings = {
				ALWAYS_SEARCH_USER_PATHS = NO;
				CLANG_ANALYZER_NONNULL = YES;
				CLANG_ANALYZER_NUMBER_OBJECT_CONVERSION = YES_AGGRESSIVE;
				CLANG_CXX_LANGUAGE_STANDARD = "gnu++17";
				CLANG_ENABLE_MODULES = YES;
				CLANG_ENABLE_OBJC_ARC = YES;
				CLANG_ENABLE_OBJC_WEAK = YES;
				CLANG_WARN_BLOCK_CAPTURE_AUTORELEASING = YES;
				CLANG_WARN_BOOL_CONVERSION = YES;
				CLANG_WARN_COMMA = YES;
				CLANG_WARN_CONSTANT_CONVERSION = YES;
				CLANG_WARN_DEPRECATED_OBJC_IMPLEMENTATIONS = YES;
				CLANG_WARN_DIRECT_OBJC_ISA_USAGE = YES_ERROR;
				CLANG_WARN_DOCUMENTATION_COMMENTS = YES;
				CLANG_WARN_EMPTY_BODY = YES;
				CLANG_WARN_ENUM_CONVERSION = YES;
				CLANG_WARN_INFINITE_RECURSION = YES;
				CLANG_WARN_INT_CONVERSION = YES;
				CLANG_WARN_NON_LITERAL_NULL_CONVERSION = YES;
				CLANG_WARN_OBJC_IMPLICIT_RETAIN_SELF = YES;
				CLANG_WARN_OBJC_LITERAL_CONVERSION = YES;
				CLANG_WARN_OBJC_ROOT_CLASS = YES_ERROR;
				CLANG_WARN_QUOTED_INCLUDE_IN_FRAMEWORK_HEADER = YES;
				CLANG_WARN_RANGE_LOOP_ANALYSIS = YES;
				CLANG_WARN_STRICT_PROTOTYPES = YES;
				CLANG_WARN_SUSPICIOUS_MOVE = YES;
				CLANG_WARN_UNGUARDED_AVAILABILITY = YES_AGGRESSIVE;
				CLANG_WARN_UNREACHABLE_CODE = YES;
				CLANG_WARN__DUPLICATE_METHOD_MATCH = YES;
				COPY_PHASE_STRIP = NO;
				DEBUG_INFORMATION_FORMAT = dwarf;
				ENABLE_STRICT_OBJC_MSGSEND = YES;
				ENABLE_TESTABILITY = YES;
				GCC_C_LANGUAGE_STANDARD = gnu11;
				GCC_DYNAMIC_NO_PIC = NO;
				GCC_NO_COMMON_BLOCKS = YES;
				GCC_OPTIMIZATION_LEVEL = 0;
				GCC_PREPROCESSOR_DEFINITIONS = (
					"DEBUG=1",
					"$(inherited)",
				);
				GCC_WARN_64_TO_32_BIT_CONVERSION = YES;
				GCC_WARN_ABOUT_RETURN_TYPE = YES_ERROR;
				GCC_WARN_UNDECLARED_SELECTOR = YES;
				GCC_WARN_UNINITIALIZED_AUTOS = YES_AGGRESSIVE;
				GCC_WARN_UNUSED_FUNCTION = YES;
				GCC_WARN_UNUSED_VARIABLE = YES;
				IPHONEOS_DEPLOYMENT_TARGET = 15.5;
				MTL_ENABLE_DEBUG_INFO = INCLUDE_SOURCE;
				MTL_FAST_MATH = YES;
				ONLY_ACTIVE_ARCH = YES;
				SDKROOT = iphoneos;
				SWIFT_ACTIVE_COMPILATION_CONDITIONS = DEBUG;
				SWIFT_OPTIMIZATION_LEVEL = "-Onone";
			};
			name = Debug;
		};
		0F932C112857610100BF8BCC /* Release */ = {
			isa = XCBuildConfiguration;
			buildSettings = {
				ALWAYS_SEARCH_USER_PATHS = NO;
				CLANG_ANALYZER_NONNULL = YES;
				CLANG_ANALYZER_NUMBER_OBJECT_CONVERSION = YES_AGGRESSIVE;
				CLANG_CXX_LANGUAGE_STANDARD = "gnu++17";
				CLANG_ENABLE_MODULES = YES;
				CLANG_ENABLE_OBJC_ARC = YES;
				CLANG_ENABLE_OBJC_WEAK = YES;
				CLANG_WARN_BLOCK_CAPTURE_AUTORELEASING = YES;
				CLANG_WARN_BOOL_CONVERSION = YES;
				CLANG_WARN_COMMA = YES;
				CLANG_WARN_CONSTANT_CONVERSION = YES;
				CLANG_WARN_DEPRECATED_OBJC_IMPLEMENTATIONS = YES;
				CLANG_WARN_DIRECT_OBJC_ISA_USAGE = YES_ERROR;
				CLANG_WARN_DOCUMENTATION_COMMENTS = YES;
				CLANG_WARN_EMPTY_BODY = YES;
				CLANG_WARN_ENUM_CONVERSION = YES;
				CLANG_WARN_INFINITE_RECURSION = YES;
				CLANG_WARN_INT_CONVERSION = YES;
				CLANG_WARN_NON_LITERAL_NULL_CONVERSION = YES;
				CLANG_WARN_OBJC_IMPLICIT_RETAIN_SELF = YES;
				CLANG_WARN_OBJC_LITERAL_CONVERSION = YES;
				CLANG_WARN_OBJC_ROOT_CLASS = YES_ERROR;
				CLANG_WARN_QUOTED_INCLUDE_IN_FRAMEWORK_HEADER = YES;
				CLANG_WARN_RANGE_LOOP_ANALYSIS = YES;
				CLANG_WARN_STRICT_PROTOTYPES = YES;
				CLANG_WARN_SUSPICIOUS_MOVE = YES;
				CLANG_WARN_UNGUARDED_AVAILABILITY = YES_AGGRESSIVE;
				CLANG_WARN_UNREACHABLE_CODE = YES;
				CLANG_WARN__DUPLICATE_METHOD_MATCH = YES;
				COPY_PHASE_STRIP = NO;
				DEBUG_INFORMATION_FORMAT = "dwarf-with-dsym";
				ENABLE_NS_ASSERTIONS = NO;
				ENABLE_STRICT_OBJC_MSGSEND = YES;
				GCC_C_LANGUAGE_STANDARD = gnu11;
				GCC_NO_COMMON_BLOCKS = YES;
				GCC_WARN_64_TO_32_BIT_CONVERSION = YES;
				GCC_WARN_ABOUT_RETURN_TYPE = YES_ERROR;
				GCC_WARN_UNDECLARED_SELECTOR = YES;
				GCC_WARN_UNINITIALIZED_AUTOS = YES_AGGRESSIVE;
				GCC_WARN_UNUSED_FUNCTION = YES;
				GCC_WARN_UNUSED_VARIABLE = YES;
				IPHONEOS_DEPLOYMENT_TARGET = 15.5;
				MTL_ENABLE_DEBUG_INFO = NO;
				MTL_FAST_MATH = YES;
				SDKROOT = iphoneos;
				SWIFT_COMPILATION_MODE = wholemodule;
				SWIFT_OPTIMIZATION_LEVEL = "-O";
				VALIDATE_PRODUCT = YES;
			};
			name = Release;
		};
		0F932C132857610100BF8BCC /* Debug */ = {
			isa = XCBuildConfiguration;
			buildSettings = {
				ASSETCATALOG_COMPILER_APPICON_NAME = AppIcon;
				ASSETCATALOG_COMPILER_GLOBAL_ACCENT_COLOR_NAME = AccentColor;
				CODE_SIGN_STYLE = Automatic;
				CURRENT_PROJECT_VERSION = 1;
				DEVELOPMENT_TEAM = WX6Q94XHF5;
				GENERATE_INFOPLIST_FILE = YES;
				INFOPLIST_FILE = SuperSenha/Info.plist;
				INFOPLIST_KEY_UIApplicationSupportsIndirectInputEvents = YES;
				INFOPLIST_KEY_UILaunchStoryboardName = LaunchScreen;
				INFOPLIST_KEY_UIMainStoryboardFile = Main;
				INFOPLIST_KEY_UISupportedInterfaceOrientations = UIInterfaceOrientationPortrait;
				INFOPLIST_KEY_UISupportedInterfaceOrientations_iPad = "UIInterfaceOrientationPortrait UIInterfaceOrientationPortraitUpsideDown UIInterfaceOrientationLandscapeLeft UIInterfaceOrientationLandscapeRight";
				INFOPLIST_KEY_UISupportedInterfaceOrientations_iPhone = "UIInterfaceOrientationPortrait UIInterfaceOrientationLandscapeLeft UIInterfaceOrientationLandscapeRight";
				LD_RUNPATH_SEARCH_PATHS = (
					"$(inherited)",
					"@executable_path/Frameworks",
				);
				MARKETING_VERSION = 1.0;
				PRODUCT_BUNDLE_IDENTIFIER = com.jeancesca.SuperSenha;
				PRODUCT_NAME = "$(TARGET_NAME)";
				SWIFT_EMIT_LOC_STRINGS = YES;
				SWIFT_VERSION = 5.0;
				TARGETED_DEVICE_FAMILY = 1;
			};
			name = Debug;
		};
		0F932C142857610100BF8BCC /* Release */ = {
			isa = XCBuildConfiguration;
			buildSettings = {
				ASSETCATALOG_COMPILER_APPICON_NAME = AppIcon;
				ASSETCATALOG_COMPILER_GLOBAL_ACCENT_COLOR_NAME = AccentColor;
				CODE_SIGN_STYLE = Automatic;
				CURRENT_PROJECT_VERSION = 1;
				DEVELOPMENT_TEAM = WX6Q94XHF5;
				GENERATE_INFOPLIST_FILE = YES;
				INFOPLIST_FILE = SuperSenha/Info.plist;
				INFOPLIST_KEY_UIApplicationSupportsIndirectInputEvents = YES;
				INFOPLIST_KEY_UILaunchStoryboardName = LaunchScreen;
				INFOPLIST_KEY_UIMainStoryboardFile = Main;
				INFOPLIST_KEY_UISupportedInterfaceOrientations = UIInterfaceOrientationPortrait;
				INFOPLIST_KEY_UISupportedInterfaceOrientations_iPad = "UIInterfaceOrientationPortrait UIInterfaceOrientationPortraitUpsideDown UIInterfaceOrientationLandscapeLeft UIInterfaceOrientationLandscapeRight";
				INFOPLIST_KEY_UISupportedInterfaceOrientations_iPhone = "UIInterfaceOrientationPortrait UIInterfaceOrientationLandscapeLeft UIInterfaceOrientationLandscapeRight";
				LD_RUNPATH_SEARCH_PATHS = (
					"$(inherited)",
					"@executable_path/Frameworks",
				);
				MARKETING_VERSION = 1.0;
				PRODUCT_BUNDLE_IDENTIFIER = com.jeancesca.SuperSenha;
				PRODUCT_NAME = "$(TARGET_NAME)";
				SWIFT_EMIT_LOC_STRINGS = YES;
				SWIFT_VERSION = 5.0;
				TARGETED_DEVICE_FAMILY = 1;
			};
			name = Release;
		};
/* End XCBuildConfiguration section */

/* Begin XCConfigurationList section */
		0F932BF9285760FF00BF8BCC /* Build configuration list for PBXProject "SuperSenha" */ = {
			isa = XCConfigurationList;
			buildConfigurations = (
				0F932C102857610100BF8BCC /* Debug */,
				0F932C112857610100BF8BCC /* Release */,
			);
			defaultConfigurationIsVisible = 0;
			defaultConfigurationName = Release;
		};
		0F932C122857610100BF8BCC /* Build configuration list for PBXNativeTarget "SuperSenha" */ = {
			isa = XCConfigurationList;
			buildConfigurations = (
				0F932C132857610100BF8BCC /* Debug */,
				0F932C142857610100BF8BCC /* Release */,
			);
			defaultConfigurationIsVisible = 0;
			defaultConfigurationName = Release;
		};
/* End XCConfigurationList section */
	};
	rootObject = 0F932BF6285760FF00BF8BCC /* Project object */;
}
